Microsoft Visual Studio Solution File, Format Version 12.00
# Visual Studio Version 17
VisualStudioVersion = 17.10.35013.160
MinimumVisualStudioVersion = 10.0.40219.1
Project("{9A19103F-16F7-4668-BE54-9A1E7A4F7556}") = "ParallelReading", "ParallelReading\ParallelReading.csproj", "{A0821CC8-7018-4832-ACF8-60966E16954C}"
EndProject
Global
	GlobalSection(SolutionConfigurationPlatforms) = preSolution
		Debug|Any CPU = Debug|Any CPU
		Release|Any CPU = Release|Any CPU
	EndGlobalSection
	GlobalSection(ProjectConfigurationPlatforms) = postSolution
		{A0821CC8-7018-4832-ACF8-60966E16954C}.Debug|Any CPU.ActiveCfg = Debug|Any CPU
		{A0821CC8-7018-4832-ACF8-60966E16954C}.Debug|Any CPU.Build.0 = Debug|Any CPU
		{A0821CC8-7018-4832-ACF8-60966E16954C}.Release|Any CPU.ActiveCfg = Release|Any CPU
		{A0821CC8-7018-4832-ACF8-60966E16954C}.Release|Any CPU.Build.0 = Release|Any CPU
	EndGlobalSection
	GlobalSection(SolutionProperties) = preSolution
		HideSolutionNode = FALSE
	EndGlobalSection
	GlobalSection(ExtensibilityGlobals) = postSolution
		SolutionGuid = {9ADC3929-F69A-4800-B8A2-DC34823B3F82}
	EndGlobalSection
EndGlobal
